// !$*UTF8*$!
{
	archiveVersion = 1;
	classes = {
	};
	objectVersion = 56;
	objects = {

/* Begin PBXBuildFile section */
		E3C3F4AC2A990D0D00D4E0C1 /* FashionDaysApp.swift in Sources */ = {isa = PBXBuildFile; fileRef = E3C3F4AB2A990D0D00D4E0C1 /* FashionDaysApp.swift */; };
		E3C3F4AE2A990D0D00D4E0C1 /* ContentView.swift in Sources */ = {isa = PBXBuildFile; fileRef = E3C3F4AD2A990D0D00D4E0C1 /* ContentView.swift */; };
		E3C3F4B02A990D0E00D4E0C1 /* Assets.xcassets in Resources */ = {isa = PBXBuildFile; fileRef = E3C3F4AF2A990D0E00D4E0C1 /* Assets.xcassets */; };
		E3C3F4B32A990D0E00D4E0C1 /* Preview Assets.xcassets in Resources */ = {isa = PBXBuildFile; fileRef = E3C3F4B22A990D0E00D4E0C1 /* Preview Assets.xcassets */; };
		E3C3F4BC2A990DCF00D4E0C1 /* ProductDataModel.swift in Sources */ = {isa = PBXBuildFile; fileRef = E3C3F4BB2A990DCF00D4E0C1 /* ProductDataModel.swift */; };
		E3C3F4C02A990E5700D4E0C1 /* ProductDataSourceType.swift in Sources */ = {isa = PBXBuildFile; fileRef = E3C3F4BF2A990E5700D4E0C1 /* ProductDataSourceType.swift */; };
		E3C3F4C32A990EAE00D4E0C1 /* Swinject in Frameworks */ = {isa = PBXBuildFile; productRef = E3C3F4C22A990EAE00D4E0C1 /* Swinject */; };
		E3C3F4C52A990EAE00D4E0C1 /* Swinject-Dynamic in Frameworks */ = {isa = PBXBuildFile; productRef = E3C3F4C42A990EAE00D4E0C1 /* Swinject-Dynamic */; };
		E3C3F4C82A990EBE00D4E0C1 /* SwinjectAutoregistration in Frameworks */ = {isa = PBXBuildFile; productRef = E3C3F4C72A990EBE00D4E0C1 /* SwinjectAutoregistration */; };
		E3C3F4CA2A990EBE00D4E0C1 /* SwinjectAutoregistration-Dynamic in Frameworks */ = {isa = PBXBuildFile; productRef = E3C3F4C92A990EBE00D4E0C1 /* SwinjectAutoregistration-Dynamic */; };
		E3C3F4CE2A990F1400D4E0C1 /* ProductRemoteDataModel.swift in Sources */ = {isa = PBXBuildFile; fileRef = E3C3F4CD2A990F1400D4E0C1 /* ProductRemoteDataModel.swift */; };
		E3C3F4D12A99111400D4E0C1 /* ProductService.swift in Sources */ = {isa = PBXBuildFile; fileRef = E3C3F4D02A99111400D4E0C1 /* ProductService.swift */; };
		E3C3F4D62A99132B00D4E0C1 /* NetworkRequestable.swift in Sources */ = {isa = PBXBuildFile; fileRef = E3C3F4D52A99132B00D4E0C1 /* NetworkRequestable.swift */; };
		E3C3F4D82A9913AA00D4E0C1 /* NetworkService.swift in Sources */ = {isa = PBXBuildFile; fileRef = E3C3F4D72A9913AA00D4E0C1 /* NetworkService.swift */; };
		E3C3F4DA2A99154D00D4E0C1 /* CoreNetworkingController.swift in Sources */ = {isa = PBXBuildFile; fileRef = E3C3F4D92A99154D00D4E0C1 /* CoreNetworkingController.swift */; };
		E3C3F4DC2A9917D300D4E0C1 /* ApiEndpoint.swift in Sources */ = {isa = PBXBuildFile; fileRef = E3C3F4DB2A9917D300D4E0C1 /* ApiEndpoint.swift */; };
		E3C3F4DE2A9917FE00D4E0C1 /* HTTPMethod.swift in Sources */ = {isa = PBXBuildFile; fileRef = E3C3F4DD2A9917FE00D4E0C1 /* HTTPMethod.swift */; };
		E3C3F4E12A991AC600D4E0C1 /* ProductRemoteDataSource.swift in Sources */ = {isa = PBXBuildFile; fileRef = E3C3F4E02A991AC600D4E0C1 /* ProductRemoteDataSource.swift */; };
		E3C3F4E72A991D1E00D4E0C1 /* APIStore.swift in Sources */ = {isa = PBXBuildFile; fileRef = E3C3F4E62A991D1E00D4E0C1 /* APIStore.swift */; };
		E3C3F4E92A9922C900D4E0C1 /* Mapper.swift in Sources */ = {isa = PBXBuildFile; fileRef = E3C3F4E82A9922C900D4E0C1 /* Mapper.swift */; };
		E3C3F4EC2A99231A00D4E0C1 /* ProductRemoteDataToDataModelMapper.swift in Sources */ = {isa = PBXBuildFile; fileRef = E3C3F4EB2A99231A00D4E0C1 /* ProductRemoteDataToDataModelMapper.swift */; };
		E3C3F4F52A992A2100D4E0C1 /* ProductDomainModel.swift in Sources */ = {isa = PBXBuildFile; fileRef = E3C3F4F42A992A2100D4E0C1 /* ProductDomainModel.swift */; };
		E3C3F4F82A992A6700D4E0C1 /* ProductRepositoryType.swift in Sources */ = {isa = PBXBuildFile; fileRef = E3C3F4F72A992A6700D4E0C1 /* ProductRepositoryType.swift */; };
		E3C3F4FB2A992A9C00D4E0C1 /* UseCase.swift in Sources */ = {isa = PBXBuildFile; fileRef = E3C3F4FA2A992A9C00D4E0C1 /* UseCase.swift */; };
		E3C3F4FE2A992AD600D4E0C1 /* ProductUseCase.swift in Sources */ = {isa = PBXBuildFile; fileRef = E3C3F4FD2A992AD600D4E0C1 /* ProductUseCase.swift */; };
		E3C3F5042A992C0600D4E0C1 /* ProductPresentationModel.swift in Sources */ = {isa = PBXBuildFile; fileRef = E3C3F5032A992C0600D4E0C1 /* ProductPresentationModel.swift */; };
		E3C3F5072A992C3700D4E0C1 /* ProductDomainToPresentationMapper.swift in Sources */ = {isa = PBXBuildFile; fileRef = E3C3F5062A992C3700D4E0C1 /* ProductDomainToPresentationMapper.swift */; };
		E3C3F50A2A992CE100D4E0C1 /* ProductDomainFacade.swift in Sources */ = {isa = PBXBuildFile; fileRef = E3C3F5092A992CE100D4E0C1 /* ProductDomainFacade.swift */; };
		E3C3F50F2A992F0600D4E0C1 /* ProductDataRepository.swift in Sources */ = {isa = PBXBuildFile; fileRef = E3C3F50E2A992F0600D4E0C1 /* ProductDataRepository.swift */; };
		E3C3F5122A992F9400D4E0C1 /* ProductDataToDomainMapper.swift in Sources */ = {isa = PBXBuildFile; fileRef = E3C3F5112A992F9400D4E0C1 /* ProductDataToDomainMapper.swift */; };
		E3C3F5212A9940CA00D4E0C1 /* ProductListView.swift in Sources */ = {isa = PBXBuildFile; fileRef = E3C3F5202A9940CA00D4E0C1 /* ProductListView.swift */; };
		E3C3F5232A9940F000D4E0C1 /* ProductListViewModel.swift in Sources */ = {isa = PBXBuildFile; fileRef = E3C3F5222A9940F000D4E0C1 /* ProductListViewModel.swift */; };
		E3C3F54D2A99623300D4E0C1 /* Inject.swift in Sources */ = {isa = PBXBuildFile; fileRef = E3C3F54C2A99623300D4E0C1 /* Inject.swift */; };
		E3C3F54F2A99625A00D4E0C1 /* Resolver.swift in Sources */ = {isa = PBXBuildFile; fileRef = E3C3F54E2A99625A00D4E0C1 /* Resolver.swift */; };
		E3C3F5512A9962BB00D4E0C1 /* DIContainer.swift in Sources */ = {isa = PBXBuildFile; fileRef = E3C3F5502A9962BB00D4E0C1 /* DIContainer.swift */; };
/* End PBXBuildFile section */

/* Begin PBXFileReference section */
		E3C3F4A82A990D0D00D4E0C1 /* FashionDays.app */ = {isa = PBXFileReference; explicitFileType = wrapper.application; includeInIndex = 0; path = FashionDays.app; sourceTree = BUILT_PRODUCTS_DIR; };
		E3C3F4AB2A990D0D00D4E0C1 /* FashionDaysApp.swift */ = {isa = PBXFileReference; lastKnownFileType = sourcecode.swift; path = FashionDaysApp.swift; sourceTree = "<group>"; };
		E3C3F4AD2A990D0D00D4E0C1 /* ContentView.swift */ = {isa = PBXFileReference; lastKnownFileType = sourcecode.swift; path = ContentView.swift; sourceTree = "<group>"; };
		E3C3F4AF2A990D0E00D4E0C1 /* Assets.xcassets */ = {isa = PBXFileReference; lastKnownFileType = folder.assetcatalog; path = Assets.xcassets; sourceTree = "<group>"; };
		E3C3F4B22A990D0E00D4E0C1 /* Preview Assets.xcassets */ = {isa = PBXFileReference; lastKnownFileType = folder.assetcatalog; path = "Preview Assets.xcassets"; sourceTree = "<group>"; };
		E3C3F4BB2A990DCF00D4E0C1 /* ProductDataModel.swift */ = {isa = PBXFileReference; lastKnownFileType = sourcecode.swift; path = ProductDataModel.swift; sourceTree = "<group>"; };
		E3C3F4BF2A990E5700D4E0C1 /* ProductDataSourceType.swift */ = {isa = PBXFileReference; lastKnownFileType = sourcecode.swift; path = ProductDataSourceType.swift; sourceTree = "<group>"; };
		E3C3F4CD2A990F1400D4E0C1 /* ProductRemoteDataModel.swift */ = {isa = PBXFileReference; lastKnownFileType = sourcecode.swift; path = ProductRemoteDataModel.swift; sourceTree = "<group>"; };
		E3C3F4D02A99111400D4E0C1 /* ProductService.swift */ = {isa = PBXFileReference; lastKnownFileType = sourcecode.swift; path = ProductService.swift; sourceTree = "<group>"; };
		E3C3F4D52A99132B00D4E0C1 /* NetworkRequestable.swift */ = {isa = PBXFileReference; lastKnownFileType = sourcecode.swift; path = NetworkRequestable.swift; sourceTree = "<group>"; };
		E3C3F4D72A9913AA00D4E0C1 /* NetworkService.swift */ = {isa = PBXFileReference; lastKnownFileType = sourcecode.swift; path = NetworkService.swift; sourceTree = "<group>"; };
		E3C3F4D92A99154D00D4E0C1 /* CoreNetworkingController.swift */ = {isa = PBXFileReference; lastKnownFileType = sourcecode.swift; path = CoreNetworkingController.swift; sourceTree = "<group>"; };
		E3C3F4DB2A9917D300D4E0C1 /* ApiEndpoint.swift */ = {isa = PBXFileReference; lastKnownFileType = sourcecode.swift; path = ApiEndpoint.swift; sourceTree = "<group>"; };
		E3C3F4DD2A9917FE00D4E0C1 /* HTTPMethod.swift */ = {isa = PBXFileReference; lastKnownFileType = sourcecode.swift; path = HTTPMethod.swift; sourceTree = "<group>"; };
		E3C3F4E02A991AC600D4E0C1 /* ProductRemoteDataSource.swift */ = {isa = PBXFileReference; lastKnownFileType = sourcecode.swift; path = ProductRemoteDataSource.swift; sourceTree = "<group>"; };
		E3C3F4E62A991D1E00D4E0C1 /* APIStore.swift */ = {isa = PBXFileReference; lastKnownFileType = sourcecode.swift; path = APIStore.swift; sourceTree = "<group>"; };
		E3C3F4E82A9922C900D4E0C1 /* Mapper.swift */ = {isa = PBXFileReference; lastKnownFileType = sourcecode.swift; path = Mapper.swift; sourceTree = "<group>"; };
		E3C3F4EB2A99231A00D4E0C1 /* ProductRemoteDataToDataModelMapper.swift */ = {isa = PBXFileReference; lastKnownFileType = sourcecode.swift; path = ProductRemoteDataToDataModelMapper.swift; sourceTree = "<group>"; };
		E3C3F4F42A992A2100D4E0C1 /* ProductDomainModel.swift */ = {isa = PBXFileReference; lastKnownFileType = sourcecode.swift; path = ProductDomainModel.swift; sourceTree = "<group>"; };
		E3C3F4F72A992A6700D4E0C1 /* ProductRepositoryType.swift */ = {isa = PBXFileReference; lastKnownFileType = sourcecode.swift; path = ProductRepositoryType.swift; sourceTree = "<group>"; };
		E3C3F4FA2A992A9C00D4E0C1 /* UseCase.swift */ = {isa = PBXFileReference; lastKnownFileType = sourcecode.swift; path = UseCase.swift; sourceTree = "<group>"; };
		E3C3F4FD2A992AD600D4E0C1 /* ProductUseCase.swift */ = {isa = PBXFileReference; lastKnownFileType = sourcecode.swift; path = ProductUseCase.swift; sourceTree = "<group>"; };
		E3C3F5032A992C0600D4E0C1 /* ProductPresentationModel.swift */ = {isa = PBXFileReference; lastKnownFileType = sourcecode.swift; path = ProductPresentationModel.swift; sourceTree = "<group>"; };
		E3C3F5062A992C3700D4E0C1 /* ProductDomainToPresentationMapper.swift */ = {isa = PBXFileReference; lastKnownFileType = sourcecode.swift; path = ProductDomainToPresentationMapper.swift; sourceTree = "<group>"; };
		E3C3F5092A992CE100D4E0C1 /* ProductDomainFacade.swift */ = {isa = PBXFileReference; lastKnownFileType = sourcecode.swift; path = ProductDomainFacade.swift; sourceTree = "<group>"; };
		E3C3F50E2A992F0600D4E0C1 /* ProductDataRepository.swift */ = {isa = PBXFileReference; lastKnownFileType = sourcecode.swift; path = ProductDataRepository.swift; sourceTree = "<group>"; };
		E3C3F5112A992F9400D4E0C1 /* ProductDataToDomainMapper.swift */ = {isa = PBXFileReference; lastKnownFileType = sourcecode.swift; path = ProductDataToDomainMapper.swift; sourceTree = "<group>"; };
		E3C3F5202A9940CA00D4E0C1 /* ProductListView.swift */ = {isa = PBXFileReference; lastKnownFileType = sourcecode.swift; path = ProductListView.swift; sourceTree = "<group>"; };
		E3C3F5222A9940F000D4E0C1 /* ProductListViewModel.swift */ = {isa = PBXFileReference; lastKnownFileType = sourcecode.swift; path = ProductListViewModel.swift; sourceTree = "<group>"; };
		E3C3F54C2A99623300D4E0C1 /* Inject.swift */ = {isa = PBXFileReference; lastKnownFileType = sourcecode.swift; path = Inject.swift; sourceTree = "<group>"; };
		E3C3F54E2A99625A00D4E0C1 /* Resolver.swift */ = {isa = PBXFileReference; lastKnownFileType = sourcecode.swift; path = Resolver.swift; sourceTree = "<group>"; };
		E3C3F5502A9962BB00D4E0C1 /* DIContainer.swift */ = {isa = PBXFileReference; lastKnownFileType = sourcecode.swift; path = DIContainer.swift; sourceTree = "<group>"; };
/* End PBXFileReference section */

/* Begin PBXFrameworksBuildPhase section */
		E3C3F4A52A990D0D00D4E0C1 /* Frameworks */ = {
			isa = PBXFrameworksBuildPhase;
			buildActionMask = 2147483647;
			files = (
				E3C3F4C32A990EAE00D4E0C1 /* Swinject in Frameworks */,
				E3C3F4C52A990EAE00D4E0C1 /* Swinject-Dynamic in Frameworks */,
				E3C3F4CA2A990EBE00D4E0C1 /* SwinjectAutoregistration-Dynamic in Frameworks */,
				E3C3F4C82A990EBE00D4E0C1 /* SwinjectAutoregistration in Frameworks */,
			);
			runOnlyForDeploymentPostprocessing = 0;
		};
/* End PBXFrameworksBuildPhase section */

/* Begin PBXGroup section */
		E3C3F49F2A990D0D00D4E0C1 = {
			isa = PBXGroup;
			children = (
				E3C3F4AA2A990D0D00D4E0C1 /* FashionDays */,
				E3C3F4A92A990D0D00D4E0C1 /* Products */,
			);
			sourceTree = "<group>";
		};
		E3C3F4A92A990D0D00D4E0C1 /* Products */ = {
			isa = PBXGroup;
			children = (
				E3C3F4A82A990D0D00D4E0C1 /* FashionDays.app */,
			);
			name = Products;
			sourceTree = "<group>";
		};
		E3C3F4AA2A990D0D00D4E0C1 /* FashionDays */ = {
			isa = PBXGroup;
			children = (
				E3C3F4D22A99117100D4E0C1 /* Common */,
				E3C3F4B92A990D1A00D4E0C1 /* Sources */,
				E3C3F4AB2A990D0D00D4E0C1 /* FashionDaysApp.swift */,
				E3C3F4AD2A990D0D00D4E0C1 /* ContentView.swift */,
				E3C3F4AF2A990D0E00D4E0C1 /* Assets.xcassets */,
				E3C3F4B12A990D0E00D4E0C1 /* Preview Content */,
			);
			path = FashionDays;
			sourceTree = "<group>";
		};
		E3C3F4B12A990D0E00D4E0C1 /* Preview Content */ = {
			isa = PBXGroup;
			children = (
				E3C3F4B22A990D0E00D4E0C1 /* Preview Assets.xcassets */,
			);
			path = "Preview Content";
			sourceTree = "<group>";
		};
		E3C3F4B92A990D1A00D4E0C1 /* Sources */ = {
			isa = PBXGroup;
			children = (
				E3C3F51C2A99409100D4E0C1 /* View */,
				E3C3F5012A992BF500D4E0C1 /* Presentation */,
				E3C3F4F22A9929FE00D4E0C1 /* Domain */,
				E3C3F4CB2A990EF100D4E0C1 /* DataSourceRemote */,
				E3C3F4BA2A990D2300D4E0C1 /* Data */,
			);
			path = Sources;
			sourceTree = "<group>";
		};
		E3C3F4BA2A990D2300D4E0C1 /* Data */ = {
			isa = PBXGroup;
			children = (
				E3C3F5102A992F8700D4E0C1 /* Mapper */,
				E3C3F50D2A992EFB00D4E0C1 /* Repository */,
				E3C3F4BE2A990E3B00D4E0C1 /* DataSource */,
				E3C3F4BD2A990E3400D4E0C1 /* Model */,
			);
			path = Data;
			sourceTree = "<group>";
		};
		E3C3F4BD2A990E3400D4E0C1 /* Model */ = {
			isa = PBXGroup;
			children = (
				E3C3F4BB2A990DCF00D4E0C1 /* ProductDataModel.swift */,
			);
			path = Model;
			sourceTree = "<group>";
		};
		E3C3F4BE2A990E3B00D4E0C1 /* DataSource */ = {
			isa = PBXGroup;
			children = (
				E3C3F4BF2A990E5700D4E0C1 /* ProductDataSourceType.swift */,
			);
			path = DataSource;
			sourceTree = "<group>";
		};
		E3C3F4CB2A990EF100D4E0C1 /* DataSourceRemote */ = {
			isa = PBXGroup;
			children = (
				E3C3F4EA2A9922FB00D4E0C1 /* Mapper */,
				E3C3F4DF2A991AB900D4E0C1 /* DataSource */,
				E3C3F4CF2A99110A00D4E0C1 /* Service */,
				E3C3F4CC2A990EF700D4E0C1 /* Model */,
			);
			path = DataSourceRemote;
			sourceTree = "<group>";
		};
		E3C3F4CC2A990EF700D4E0C1 /* Model */ = {
			isa = PBXGroup;
			children = (
				E3C3F4CD2A990F1400D4E0C1 /* ProductRemoteDataModel.swift */,
			);
			path = Model;
			sourceTree = "<group>";
		};
		E3C3F4CF2A99110A00D4E0C1 /* Service */ = {
			isa = PBXGroup;
			children = (
				E3C3F4D02A99111400D4E0C1 /* ProductService.swift */,
			);
			path = Service;
			sourceTree = "<group>";
		};
		E3C3F4D22A99117100D4E0C1 /* Common */ = {
			isa = PBXGroup;
			children = (
				E3C3F4F92A992A9200D4E0C1 /* Domain */,
				E3C3F4EF2A9927A700D4E0C1 /* Extensions */,
				E3C3F4E32A991B8600D4E0C1 /* Networking */,
				E3C3F4E22A991B7A00D4E0C1 /* DI */,
				E3C3F4E82A9922C900D4E0C1 /* Mapper.swift */,
			);
			path = Common;
			sourceTree = "<group>";
		};
		E3C3F4DF2A991AB900D4E0C1 /* DataSource */ = {
			isa = PBXGroup;
			children = (
				E3C3F4E02A991AC600D4E0C1 /* ProductRemoteDataSource.swift */,
			);
			path = DataSource;
			sourceTree = "<group>";
		};
		E3C3F4E22A991B7A00D4E0C1 /* DI */ = {
			isa = PBXGroup;
			children = (
				E3C3F54C2A99623300D4E0C1 /* Inject.swift */,
				E3C3F54E2A99625A00D4E0C1 /* Resolver.swift */,
				E3C3F5502A9962BB00D4E0C1 /* DIContainer.swift */,
			);
			path = DI;
			sourceTree = "<group>";
		};
		E3C3F4E32A991B8600D4E0C1 /* Networking */ = {
			isa = PBXGroup;
			children = (
				E3C3F4D52A99132B00D4E0C1 /* NetworkRequestable.swift */,
				E3C3F4D72A9913AA00D4E0C1 /* NetworkService.swift */,
				E3C3F4D92A99154D00D4E0C1 /* CoreNetworkingController.swift */,
				E3C3F4DB2A9917D300D4E0C1 /* ApiEndpoint.swift */,
				E3C3F4DD2A9917FE00D4E0C1 /* HTTPMethod.swift */,
				E3C3F4E62A991D1E00D4E0C1 /* APIStore.swift */,
			);
			path = Networking;
			sourceTree = "<group>";
		};
		E3C3F4EA2A9922FB00D4E0C1 /* Mapper */ = {
			isa = PBXGroup;
			children = (
				E3C3F4EB2A99231A00D4E0C1 /* ProductRemoteDataToDataModelMapper.swift */,
			);
			name = Mapper;
			sourceTree = "<group>";
		};
		E3C3F4EF2A9927A700D4E0C1 /* Extensions */ = {
			isa = PBXGroup;
			children = (
			);
			path = Extensions;
			sourceTree = "<group>";
		};
		E3C3F4F22A9929FE00D4E0C1 /* Domain */ = {
			isa = PBXGroup;
			children = (
				E3C3F4FC2A992ACB00D4E0C1 /* UseCase */,
				E3C3F4F62A992A4D00D4E0C1 /* Repository */,
				E3C3F4F32A992A1100D4E0C1 /* Model */,
			);
			path = Domain;
			sourceTree = "<group>";
		};
		E3C3F4F32A992A1100D4E0C1 /* Model */ = {
			isa = PBXGroup;
			children = (
				E3C3F4F42A992A2100D4E0C1 /* ProductDomainModel.swift */,
			);
			path = Model;
			sourceTree = "<group>";
		};
		E3C3F4F62A992A4D00D4E0C1 /* Repository */ = {
			isa = PBXGroup;
			children = (
				E3C3F4F72A992A6700D4E0C1 /* ProductRepositoryType.swift */,
			);
			path = Repository;
			sourceTree = "<group>";
		};
		E3C3F4F92A992A9200D4E0C1 /* Domain */ = {
			isa = PBXGroup;
			children = (
				E3C3F4FA2A992A9C00D4E0C1 /* UseCase.swift */,
			);
			path = Domain;
			sourceTree = "<group>";
		};
		E3C3F4FC2A992ACB00D4E0C1 /* UseCase */ = {
			isa = PBXGroup;
			children = (
				E3C3F4FD2A992AD600D4E0C1 /* ProductUseCase.swift */,
			);
			path = UseCase;
			sourceTree = "<group>";
		};
		E3C3F5012A992BF500D4E0C1 /* Presentation */ = {
			isa = PBXGroup;
			children = (
				E3C3F5082A992CD400D4E0C1 /* Facade */,
				E3C3F5052A992C2900D4E0C1 /* Mapper */,
				E3C3F5022A992BFB00D4E0C1 /* Model */,
			);
			path = Presentation;
			sourceTree = "<group>";
		};
		E3C3F5022A992BFB00D4E0C1 /* Model */ = {
			isa = PBXGroup;
			children = (
				E3C3F5032A992C0600D4E0C1 /* ProductPresentationModel.swift */,
			);
			path = Model;
			sourceTree = "<group>";
		};
		E3C3F5052A992C2900D4E0C1 /* Mapper */ = {
			isa = PBXGroup;
			children = (
				E3C3F5062A992C3700D4E0C1 /* ProductDomainToPresentationMapper.swift */,
			);
			path = Mapper;
			sourceTree = "<group>";
		};
		E3C3F5082A992CD400D4E0C1 /* Facade */ = {
			isa = PBXGroup;
			children = (
				E3C3F5092A992CE100D4E0C1 /* ProductDomainFacade.swift */,
			);
			path = Facade;
			sourceTree = "<group>";
		};
		E3C3F50D2A992EFB00D4E0C1 /* Repository */ = {
			isa = PBXGroup;
			children = (
				E3C3F50E2A992F0600D4E0C1 /* ProductDataRepository.swift */,
			);
			path = Repository;
			sourceTree = "<group>";
		};
		E3C3F5102A992F8700D4E0C1 /* Mapper */ = {
			isa = PBXGroup;
			children = (
				E3C3F5112A992F9400D4E0C1 /* ProductDataToDomainMapper.swift */,
			);
			path = Mapper;
			sourceTree = "<group>";
		};
		E3C3F51C2A99409100D4E0C1 /* View */ = {
			isa = PBXGroup;
			children = (
				E3C3F51E2A9940AF00D4E0C1 /* ProductDetail */,
				E3C3F51D2A9940A800D4E0C1 /* ProductList */,
			);
			path = View;
			sourceTree = "<group>";
		};
		E3C3F51D2A9940A800D4E0C1 /* ProductList */ = {
			isa = PBXGroup;
			children = (
				E3C3F51F2A9940B400D4E0C1 /* ViewModel */,
				E3C3F5202A9940CA00D4E0C1 /* ProductListView.swift */,
			);
			path = ProductList;
			sourceTree = "<group>";
		};
		E3C3F51E2A9940AF00D4E0C1 /* ProductDetail */ = {
			isa = PBXGroup;
			children = (
			);
			path = ProductDetail;
			sourceTree = "<group>";
		};
		E3C3F51F2A9940B400D4E0C1 /* ViewModel */ = {
			isa = PBXGroup;
			children = (
				E3C3F5222A9940F000D4E0C1 /* ProductListViewModel.swift */,
			);
			path = ViewModel;
			sourceTree = "<group>";
		};
/* End PBXGroup section */

/* Begin PBXNativeTarget section */
		E3C3F4A72A990D0D00D4E0C1 /* FashionDays */ = {
			isa = PBXNativeTarget;
			buildConfigurationList = E3C3F4B62A990D0E00D4E0C1 /* Build configuration list for PBXNativeTarget "FashionDays" */;
			buildPhases = (
				E3C3F4A42A990D0D00D4E0C1 /* Sources */,
				E3C3F4A52A990D0D00D4E0C1 /* Frameworks */,
				E3C3F4A62A990D0D00D4E0C1 /* Resources */,
			);
			buildRules = (
			);
			dependencies = (
			);
			name = FashionDays;
			packageProductDependencies = (
				E3C3F4C22A990EAE00D4E0C1 /* Swinject */,
				E3C3F4C42A990EAE00D4E0C1 /* Swinject-Dynamic */,
				E3C3F4C72A990EBE00D4E0C1 /* SwinjectAutoregistration */,
				E3C3F4C92A990EBE00D4E0C1 /* SwinjectAutoregistration-Dynamic */,
			);
			productName = FashionDays;
			productReference = E3C3F4A82A990D0D00D4E0C1 /* FashionDays.app */;
			productType = "com.apple.product-type.application";
		};
/* End PBXNativeTarget section */

/* Begin PBXProject section */
		E3C3F4A02A990D0D00D4E0C1 /* Project object */ = {
			isa = PBXProject;
			attributes = {
				BuildIndependentTargetsInParallel = 1;
				LastSwiftUpdateCheck = 1500;
				LastUpgradeCheck = 1500;
				TargetAttributes = {
					E3C3F4A72A990D0D00D4E0C1 = {
						CreatedOnToolsVersion = 15.0;
					};
				};
			};
			buildConfigurationList = E3C3F4A32A990D0D00D4E0C1 /* Build configuration list for PBXProject "FashionDays" */;
			compatibilityVersion = "Xcode 14.0";
			developmentRegion = en;
			hasScannedForEncodings = 0;
			knownRegions = (
				en,
				Base,
			);
			mainGroup = E3C3F49F2A990D0D00D4E0C1;
			packageReferences = (
				E3C3F4C12A990EAE00D4E0C1 /* XCRemoteSwiftPackageReference "Swinject" */,
				E3C3F4C62A990EBE00D4E0C1 /* XCRemoteSwiftPackageReference "SwinjectAutoregistration" */,
			);
			productRefGroup = E3C3F4A92A990D0D00D4E0C1 /* Products */;
			projectDirPath = "";
			projectRoot = "";
			targets = (
				E3C3F4A72A990D0D00D4E0C1 /* FashionDays */,
			);
		};
/* End PBXProject section */

/* Begin PBXResourcesBuildPhase section */
		E3C3F4A62A990D0D00D4E0C1 /* Resources */ = {
			isa = PBXResourcesBuildPhase;
			buildActionMask = 2147483647;
			files = (
				E3C3F4B32A990D0E00D4E0C1 /* Preview Assets.xcassets in Resources */,
				E3C3F4B02A990D0E00D4E0C1 /* Assets.xcassets in Resources */,
			);
			runOnlyForDeploymentPostprocessing = 0;
		};
/* End PBXResourcesBuildPhase section */

/* Begin PBXSourcesBuildPhase section */
		E3C3F4A42A990D0D00D4E0C1 /* Sources */ = {
			isa = PBXSourcesBuildPhase;
			buildActionMask = 2147483647;
			files = (
				E3C3F4CE2A990F1400D4E0C1 /* ProductRemoteDataModel.swift in Sources */,
				E3C3F4C02A990E5700D4E0C1 /* ProductDataSourceType.swift in Sources */,
				E3C3F4DA2A99154D00D4E0C1 /* CoreNetworkingController.swift in Sources */,
				E3C3F4D62A99132B00D4E0C1 /* NetworkRequestable.swift in Sources */,
				E3C3F4FB2A992A9C00D4E0C1 /* UseCase.swift in Sources */,
				E3C3F4FE2A992AD600D4E0C1 /* ProductUseCase.swift in Sources */,
				E3C3F4BC2A990DCF00D4E0C1 /* ProductDataModel.swift in Sources */,
				E3C3F4F82A992A6700D4E0C1 /* ProductRepositoryType.swift in Sources */,
				E3C3F4EC2A99231A00D4E0C1 /* ProductRemoteDataToDataModelMapper.swift in Sources */,
				E3C3F4F52A992A2100D4E0C1 /* ProductDomainModel.swift in Sources */,
				E3C3F5212A9940CA00D4E0C1 /* ProductListView.swift in Sources */,
				E3C3F54D2A99623300D4E0C1 /* Inject.swift in Sources */,
				E3C3F50F2A992F0600D4E0C1 /* ProductDataRepository.swift in Sources */,
				E3C3F4D82A9913AA00D4E0C1 /* NetworkService.swift in Sources */,
				E3C3F50A2A992CE100D4E0C1 /* ProductDomainFacade.swift in Sources */,
				E3C3F4AE2A990D0D00D4E0C1 /* ContentView.swift in Sources */,
				E3C3F5072A992C3700D4E0C1 /* ProductDomainToPresentationMapper.swift in Sources */,
				E3C3F4DC2A9917D300D4E0C1 /* ApiEndpoint.swift in Sources */,
				E3C3F4DE2A9917FE00D4E0C1 /* HTTPMethod.swift in Sources */,
				E3C3F5122A992F9400D4E0C1 /* ProductDataToDomainMapper.swift in Sources */,
				E3C3F5042A992C0600D4E0C1 /* ProductPresentationModel.swift in Sources */,
				E3C3F4AC2A990D0D00D4E0C1 /* FashionDaysApp.swift in Sources */,
				E3C3F54F2A99625A00D4E0C1 /* Resolver.swift in Sources */,
				E3C3F5512A9962BB00D4E0C1 /* DIContainer.swift in Sources */,
				E3C3F4D12A99111400D4E0C1 /* ProductService.swift in Sources */,
				E3C3F4E92A9922C900D4E0C1 /* Mapper.swift in Sources */,
				E3C3F4E72A991D1E00D4E0C1 /* APIStore.swift in Sources */,
				E3C3F4E12A991AC600D4E0C1 /* ProductRemoteDataSource.swift in Sources */,
				E3C3F5232A9940F000D4E0C1 /* ProductListViewModel.swift in Sources */,
			);
			runOnlyForDeploymentPostprocessing = 0;
		};
/* End PBXSourcesBuildPhase section */

/* Begin XCBuildConfiguration section */
		E3C3F4B42A990D0E00D4E0C1 /* Debug */ = {
			isa = XCBuildConfiguration;
			buildSettings = {
				ALWAYS_SEARCH_USER_PATHS = NO;
				ASSETCATALOG_COMPILER_GENERATE_SWIFT_ASSET_SYMBOL_EXTENSIONS = YES;
				CLANG_ANALYZER_NONNULL = YES;
				CLANG_ANALYZER_NUMBER_OBJECT_CONVERSION = YES_AGGRESSIVE;
				CLANG_CXX_LANGUAGE_STANDARD = "gnu++20";
				CLANG_ENABLE_MODULES = YES;
				CLANG_ENABLE_OBJC_ARC = YES;
				CLANG_ENABLE_OBJC_WEAK = YES;
				CLANG_WARN_BLOCK_CAPTURE_AUTORELEASING = YES;
				CLANG_WARN_BOOL_CONVERSION = YES;
				CLANG_WARN_COMMA = YES;
				CLANG_WARN_CONSTANT_CONVERSION = YES;
				CLANG_WARN_DEPRECATED_OBJC_IMPLEMENTATIONS = YES;
				CLANG_WARN_DIRECT_OBJC_ISA_USAGE = YES_ERROR;
				CLANG_WARN_DOCUMENTATION_COMMENTS = YES;
				CLANG_WARN_EMPTY_BODY = YES;
				CLANG_WARN_ENUM_CONVERSION = YES;
				CLANG_WARN_INFINITE_RECURSION = YES;
				CLANG_WARN_INT_CONVERSION = YES;
				CLANG_WARN_NON_LITERAL_NULL_CONVERSION = YES;
				CLANG_WARN_OBJC_IMPLICIT_RETAIN_SELF = YES;
				CLANG_WARN_OBJC_LITERAL_CONVERSION = YES;
				CLANG_WARN_OBJC_ROOT_CLASS = YES_ERROR;
				CLANG_WARN_QUOTED_INCLUDE_IN_FRAMEWORK_HEADER = YES;
				CLANG_WARN_RANGE_LOOP_ANALYSIS = YES;
				CLANG_WARN_STRICT_PROTOTYPES = YES;
				CLANG_WARN_SUSPICIOUS_MOVE = YES;
				CLANG_WARN_UNGUARDED_AVAILABILITY = YES_AGGRESSIVE;
				CLANG_WARN_UNREACHABLE_CODE = YES;
				CLANG_WARN__DUPLICATE_METHOD_MATCH = YES;
				COPY_PHASE_STRIP = NO;
				DEBUG_INFORMATION_FORMAT = dwarf;
				ENABLE_STRICT_OBJC_MSGSEND = YES;
				ENABLE_TESTABILITY = YES;
				ENABLE_USER_SCRIPT_SANDBOXING = YES;
				GCC_C_LANGUAGE_STANDARD = gnu17;
				GCC_DYNAMIC_NO_PIC = NO;
				GCC_NO_COMMON_BLOCKS = YES;
				GCC_OPTIMIZATION_LEVEL = 0;
				GCC_PREPROCESSOR_DEFINITIONS = (
					"DEBUG=1",
					"$(inherited)",
				);
				GCC_WARN_64_TO_32_BIT_CONVERSION = YES;
				GCC_WARN_ABOUT_RETURN_TYPE = YES_ERROR;
				GCC_WARN_UNDECLARED_SELECTOR = YES;
				GCC_WARN_UNINITIALIZED_AUTOS = YES_AGGRESSIVE;
				GCC_WARN_UNUSED_FUNCTION = YES;
				GCC_WARN_UNUSED_VARIABLE = YES;
				IPHONEOS_DEPLOYMENT_TARGET = 17.0;
				LOCALIZATION_PREFERS_STRING_CATALOGS = YES;
				MTL_ENABLE_DEBUG_INFO = INCLUDE_SOURCE;
				MTL_FAST_MATH = YES;
				ONLY_ACTIVE_ARCH = YES;
				SDKROOT = iphoneos;
				SWIFT_ACTIVE_COMPILATION_CONDITIONS = "DEBUG $(inherited)";
				SWIFT_OPTIMIZATION_LEVEL = "-Onone";
			};
			name = Debug;
		};
		E3C3F4B52A990D0E00D4E0C1 /* Release */ = {
			isa = XCBuildConfiguration;
			buildSettings = {
				ALWAYS_SEARCH_USER_PATHS = NO;
				ASSETCATALOG_COMPILER_GENERATE_SWIFT_ASSET_SYMBOL_EXTENSIONS = YES;
				CLANG_ANALYZER_NONNULL = YES;
				CLANG_ANALYZER_NUMBER_OBJECT_CONVERSION = YES_AGGRESSIVE;
				CLANG_CXX_LANGUAGE_STANDARD = "gnu++20";
				CLANG_ENABLE_MODULES = YES;
				CLANG_ENABLE_OBJC_ARC = YES;
				CLANG_ENABLE_OBJC_WEAK = YES;
				CLANG_WARN_BLOCK_CAPTURE_AUTORELEASING = YES;
				CLANG_WARN_BOOL_CONVERSION = YES;
				CLANG_WARN_COMMA = YES;
				CLANG_WARN_CONSTANT_CONVERSION = YES;
				CLANG_WARN_DEPRECATED_OBJC_IMPLEMENTATIONS = YES;
				CLANG_WARN_DIRECT_OBJC_ISA_USAGE = YES_ERROR;
				CLANG_WARN_DOCUMENTATION_COMMENTS = YES;
				CLANG_WARN_EMPTY_BODY = YES;
				CLANG_WARN_ENUM_CONVERSION = YES;
				CLANG_WARN_INFINITE_RECURSION = YES;
				CLANG_WARN_INT_CONVERSION = YES;
				CLANG_WARN_NON_LITERAL_NULL_CONVERSION = YES;
				CLANG_WARN_OBJC_IMPLICIT_RETAIN_SELF = YES;
				CLANG_WARN_OBJC_LITERAL_CONVERSION = YES;
				CLANG_WARN_OBJC_ROOT_CLASS = YES_ERROR;
				CLANG_WARN_QUOTED_INCLUDE_IN_FRAMEWORK_HEADER = YES;
				CLANG_WARN_RANGE_LOOP_ANALYSIS = YES;
				CLANG_WARN_STRICT_PROTOTYPES = YES;
				CLANG_WARN_SUSPICIOUS_MOVE = YES;
				CLANG_WARN_UNGUARDED_AVAILABILITY = YES_AGGRESSIVE;
				CLANG_WARN_UNREACHABLE_CODE = YES;
				CLANG_WARN__DUPLICATE_METHOD_MATCH = YES;
				COPY_PHASE_STRIP = NO;
				DEBUG_INFORMATION_FORMAT = "dwarf-with-dsym";
				ENABLE_NS_ASSERTIONS = NO;
				ENABLE_STRICT_OBJC_MSGSEND = YES;
				ENABLE_USER_SCRIPT_SANDBOXING = YES;
				GCC_C_LANGUAGE_STANDARD = gnu17;
				GCC_NO_COMMON_BLOCKS = YES;
				GCC_WARN_64_TO_32_BIT_CONVERSION = YES;
				GCC_WARN_ABOUT_RETURN_TYPE = YES_ERROR;
				GCC_WARN_UNDECLARED_SELECTOR = YES;
				GCC_WARN_UNINITIALIZED_AUTOS = YES_AGGRESSIVE;
				GCC_WARN_UNUSED_FUNCTION = YES;
				GCC_WARN_UNUSED_VARIABLE = YES;
				IPHONEOS_DEPLOYMENT_TARGET = 17.0;
				LOCALIZATION_PREFERS_STRING_CATALOGS = YES;
				MTL_ENABLE_DEBUG_INFO = NO;
				MTL_FAST_MATH = YES;
				SDKROOT = iphoneos;
				SWIFT_COMPILATION_MODE = wholemodule;
				VALIDATE_PRODUCT = YES;
			};
			name = Release;
		};
		E3C3F4B72A990D0E00D4E0C1 /* Debug */ = {
			isa = XCBuildConfiguration;
			buildSettings = {
				ASSETCATALOG_COMPILER_APPICON_NAME = AppIcon;
				ASSETCATALOG_COMPILER_GLOBAL_ACCENT_COLOR_NAME = AccentColor;
				CODE_SIGN_STYLE = Automatic;
				CURRENT_PROJECT_VERSION = 1;
				DEVELOPMENT_ASSET_PATHS = "\"FashionDays/Preview Content\"";
				DEVELOPMENT_TEAM = H55V68K4TY;
				ENABLE_PREVIEWS = YES;
				GENERATE_INFOPLIST_FILE = YES;
				INFOPLIST_KEY_UIApplicationSceneManifest_Generation = YES;
				INFOPLIST_KEY_UIApplicationSupportsIndirectInputEvents = YES;
				INFOPLIST_KEY_UILaunchScreen_Generation = YES;
				INFOPLIST_KEY_UISupportedInterfaceOrientations_iPad = "UIInterfaceOrientationPortrait UIInterfaceOrientationPortraitUpsideDown UIInterfaceOrientationLandscapeLeft UIInterfaceOrientationLandscapeRight";
				INFOPLIST_KEY_UISupportedInterfaceOrientations_iPhone = "UIInterfaceOrientationPortrait UIInterfaceOrientationLandscapeLeft UIInterfaceOrientationLandscapeRight";
				LD_RUNPATH_SEARCH_PATHS = (
					"$(inherited)",
					"@executable_path/Frameworks",
				);
				MARKETING_VERSION = 1.0;
				PRODUCT_BUNDLE_IDENTIFIER = com.razvanrujoiu.FashionDays;
				PRODUCT_NAME = "$(TARGET_NAME)";
				SWIFT_EMIT_LOC_STRINGS = YES;
				SWIFT_VERSION = 5.0;
				TARGETED_DEVICE_FAMILY = "1,2";
			};
			name = Debug;
		};
		E3C3F4B82A990D0E00D4E0C1 /* Release */ = {
			isa = XCBuildConfiguration;
			buildSettings = {
				ASSETCATALOG_COMPILER_APPICON_NAME = AppIcon;
				ASSETCATALOG_COMPILER_GLOBAL_ACCENT_COLOR_NAME = AccentColor;
				CODE_SIGN_STYLE = Automatic;
				CURRENT_PROJECT_VERSION = 1;
				DEVELOPMENT_ASSET_PATHS = "\"FashionDays/Preview Content\"";
				DEVELOPMENT_TEAM = H55V68K4TY;
				ENABLE_PREVIEWS = YES;
				GENERATE_INFOPLIST_FILE = YES;
				INFOPLIST_KEY_UIApplicationSceneManifest_Generation = YES;
				INFOPLIST_KEY_UIApplicationSupportsIndirectInputEvents = YES;
				INFOPLIST_KEY_UILaunchScreen_Generation = YES;
				INFOPLIST_KEY_UISupportedInterfaceOrientations_iPad = "UIInterfaceOrientationPortrait UIInterfaceOrientationPortraitUpsideDown UIInterfaceOrientationLandscapeLeft UIInterfaceOrientationLandscapeRight";
				INFOPLIST_KEY_UISupportedInterfaceOrientations_iPhone = "UIInterfaceOrientationPortrait UIInterfaceOrientationLandscapeLeft UIInterfaceOrientationLandscapeRight";
				LD_RUNPATH_SEARCH_PATHS = (
					"$(inherited)",
					"@executable_path/Frameworks",
				);
				MARKETING_VERSION = 1.0;
				PRODUCT_BUNDLE_IDENTIFIER = com.razvanrujoiu.FashionDays;
				PRODUCT_NAME = "$(TARGET_NAME)";
				SWIFT_EMIT_LOC_STRINGS = YES;
				SWIFT_VERSION = 5.0;
				TARGETED_DEVICE_FAMILY = "1,2";
			};
			name = Release;
		};
/* End XCBuildConfiguration section */

/* Begin XCConfigurationList section */
		E3C3F4A32A990D0D00D4E0C1 /* Build configuration list for PBXProject "FashionDays" */ = {
			isa = XCConfigurationList;
			buildConfigurations = (
				E3C3F4B42A990D0E00D4E0C1 /* Debug */,
				E3C3F4B52A990D0E00D4E0C1 /* Release */,
			);
			defaultConfigurationIsVisible = 0;
			defaultConfigurationName = Release;
		};
		E3C3F4B62A990D0E00D4E0C1 /* Build configuration list for PBXNativeTarget "FashionDays" */ = {
			isa = XCConfigurationList;
			buildConfigurations = (
				E3C3F4B72A990D0E00D4E0C1 /* Debug */,
				E3C3F4B82A990D0E00D4E0C1 /* Release */,
			);
			defaultConfigurationIsVisible = 0;
			defaultConfigurationName = Release;
		};
/* End XCConfigurationList section */

/* Begin XCRemoteSwiftPackageReference section */
		E3C3F4C12A990EAE00D4E0C1 /* XCRemoteSwiftPackageReference "Swinject" */ = {
			isa = XCRemoteSwiftPackageReference;
			repositoryURL = "https://github.com/Swinject/Swinject";
			requirement = {
				kind = upToNextMajorVersion;
				minimumVersion = 2.8.3;
			};
		};
		E3C3F4C62A990EBE00D4E0C1 /* XCRemoteSwiftPackageReference "SwinjectAutoregistration" */ = {
			isa = XCRemoteSwiftPackageReference;
			repositoryURL = "https://github.com/Swinject/SwinjectAutoregistration";
			requirement = {
				kind = upToNextMajorVersion;
				minimumVersion = 2.8.3;
			};
		};
/* End XCRemoteSwiftPackageReference section */

/* Begin XCSwiftPackageProductDependency section */
		E3C3F4C22A990EAE00D4E0C1 /* Swinject */ = {
			isa = XCSwiftPackageProductDependency;
			package = E3C3F4C12A990EAE00D4E0C1 /* XCRemoteSwiftPackageReference "Swinject" */;
			productName = Swinject;
		};
		E3C3F4C42A990EAE00D4E0C1 /* Swinject-Dynamic */ = {
			isa = XCSwiftPackageProductDependency;
			package = E3C3F4C12A990EAE00D4E0C1 /* XCRemoteSwiftPackageReference "Swinject" */;
			productName = "Swinject-Dynamic";
		};
		E3C3F4C72A990EBE00D4E0C1 /* SwinjectAutoregistration */ = {
			isa = XCSwiftPackageProductDependency;
			package = E3C3F4C62A990EBE00D4E0C1 /* XCRemoteSwiftPackageReference "SwinjectAutoregistration" */;
			productName = SwinjectAutoregistration;
		};
		E3C3F4C92A990EBE00D4E0C1 /* SwinjectAutoregistration-Dynamic */ = {
			isa = XCSwiftPackageProductDependency;
			package = E3C3F4C62A990EBE00D4E0C1 /* XCRemoteSwiftPackageReference "SwinjectAutoregistration" */;
			productName = "SwinjectAutoregistration-Dynamic";
		};
/* End XCSwiftPackageProductDependency section */
	};
	rootObject = E3C3F4A02A990D0D00D4E0C1 /* Project object */;
}
